
Microsoft Visual Studio Solution File, Format Version 12.00
Project("{2150E333-8FDC-42A3-9474-1A3956D46DE8}") = "_github workflows", "_github workflows", "{1C3EAE24-74F8-4C12-ABEC-9EB15B0FFFCA}"
	ProjectSection(SolutionItems) = preProject
		.github\workflows\build.yml = .github\workflows\build.yml
		.github\workflows\publish-nuget.yml = .github\workflows\publish-nuget.yml
	EndProjectSection
EndProject
Project("{2150E333-8FDC-42A3-9474-1A3956D46DE8}") = "_solution items", "_solution items", "{1FF4DFEA-0749-48A6-ADF4-6288AEAC5BA6}"
	ProjectSection(SolutionItems) = preProject
		.editorconfig = .editorconfig
		.gitattributes = .gitattributes
		.gitignore = .gitignore
		LICENSE.md = LICENSE.md
		README.md = README.md
	EndProjectSection
EndProject
Project("{2150E333-8FDC-42A3-9474-1A3956D46DE8}") = "src", "src", "{F73A7C55-3D69-4A93-AB3E-A9742B9E992D}"
EndProject
Project("{2150E333-8FDC-42A3-9474-1A3956D46DE8}") = "tests", "tests", "{7A7AE7C0-EE49-4EBB-BC09-9B95773610A9}"
EndProject
Project("{2150E333-8FDC-42A3-9474-1A3956D46DE8}") = "sandbox", "sandbox", "{B1D6B619-2086-4FDC-AD8E-42EB0887D63D}"
EndProject
Project("{FAE04EC0-301F-11D3-BF4B-00C04F79EFBC}") = "LVK.Core", "src\LVK.Core\LVK.Core.csproj", "{89AC48DB-60FD-4FAF-A078-BC9B22A05A39}"
EndProject
Project("{FAE04EC0-301F-11D3-BF4B-00C04F79EFBC}") = "LVK.Core.Tests", "tests\LVK.Core.Tests\LVK.Core.Tests.csproj", "{03EE45DD-B5E6-4809-B0D0-6C0FE9DAF18A}"
EndProject
Project("{FAE04EC0-301F-11D3-BF4B-00C04F79EFBC}") = "LVK.Extensions.Bootstrapping", "src\LVK.Extensions.Bootstrapping\LVK.Extensions.Bootstrapping.csproj", "{60C03124-91BE-418B-B9F0-625A49F61784}"
EndProject
Project("{FAE04EC0-301F-11D3-BF4B-00C04F79EFBC}") = "LVK.Extensions.Bootstrapping.Console", "src\LVK.Extensions.Bootstrapping.Console\LVK.Extensions.Bootstrapping.Console.csproj", "{F844BBEE-4ABC-4187-9D9D-090D92B7875E}"
EndProject
Project("{FAE04EC0-301F-11D3-BF4B-00C04F79EFBC}") = "LVK.Extensions.Bootstrapping.Web", "src\LVK.Extensions.Bootstrapping.Web\LVK.Extensions.Bootstrapping.Web.csproj", "{95FA1679-76E5-466E-ACBA-AB79D4C543CE}"
EndProject
Project("{FAE04EC0-301F-11D3-BF4B-00C04F79EFBC}") = "LVK.Events", "src\LVK.Events\LVK.Events.csproj", "{F27FF8A9-CFB3-4835-8510-3A6F831A63CC}"
EndProject
Project("{FAE04EC0-301F-11D3-BF4B-00C04F79EFBC}") = "LVK.Events.Bootstrapped", "src\LVK.Events.Bootstrapped\LVK.Events.Bootstrapped.csproj", "{FBA56347-7C7F-44D8-B610-598BB2989491}"
EndProject
Project("{FAE04EC0-301F-11D3-BF4B-00C04F79EFBC}") = "LVK.Extensions.Logging.SmartInspect", "src\LVK.Extensions.Logging.SmartInspect\LVK.Extensions.Logging.SmartInspect.csproj", "{B5B84389-1D89-4072-B0F9-B34F3AF64460}"
EndProject
Project("{FAE04EC0-301F-11D3-BF4B-00C04F79EFBC}") = "LVK.Extensions.Logging.SmartInspect.Bootstrapped", "src\LVK.Extensions.Logging.SmartInspect.Bootstrapped\LVK.Extensions.Logging.SmartInspect.Bootstrapped.csproj", "{65CB838A-7827-4B90-A63E-7ACC62458504}"
EndProject
Project("{FAE04EC0-301F-11D3-BF4B-00C04F79EFBC}") = "LVK.NodaTime.Bootstrapped", "src\LVK.NodaTime.Bootstrapped\LVK.NodaTime.Bootstrapped.csproj", "{21E41BF6-5492-4482-ABB0-39F839478631}"
EndProject
Project("{FAE04EC0-301F-11D3-BF4B-00C04F79EFBC}") = "LVK.ObjectDumper", "src\LVK.ObjectDumper\LVK.ObjectDumper.csproj", "{1D18CAD6-4B11-46A4-9FFD-A8289C5A273B}"
EndProject
Project("{FAE04EC0-301F-11D3-BF4B-00C04F79EFBC}") = "LVK.ObjectDumper.Bootstrapped", "src\LVK.ObjectDumper.Bootstrapped\LVK.ObjectDumper.Bootstrapped.csproj", "{4AE7FF7C-4F16-4B5C-B87B-B7AA256F0EF4}"
EndProject
Project("{FAE04EC0-301F-11D3-BF4B-00C04F79EFBC}") = "LVK.Typed", "src\LVK.Typed\LVK.Typed.csproj", "{4182783D-43FD-4E7C-B938-6C30270461C3}"
EndProject
Project("{FAE04EC0-301F-11D3-BF4B-00C04F79EFBC}") = "LVK.Typed.Bootstrapped", "src\LVK.Typed.Bootstrapped\LVK.Typed.Bootstrapped.csproj", "{91FD03EF-F546-4381-8B32-54A597DCC2C3}"
EndProject
Project("{FAE04EC0-301F-11D3-BF4B-00C04F79EFBC}") = "LVK.Events.Tests", "tests\LVK.Events.Tests\LVK.Events.Tests.csproj", "{192EC922-C884-4A5E-9C16-220877F5C4BE}"
EndProject
Project("{FAE04EC0-301F-11D3-BF4B-00C04F79EFBC}") = "LVK.Tests", "tests\LVK.Tests\LVK.Tests.csproj", "{B0425008-B20E-46EB-9C0C-F5F716185323}"
EndProject
Project("{FAE04EC0-301F-11D3-BF4B-00C04F79EFBC}") = "LVK.Extensions.Bootstrapping.Tests", "tests\LVK.Extensions.Bootstrapping.Tests\LVK.Extensions.Bootstrapping.Tests.csproj", "{9103D04C-AF25-4C5D-976D-FC00FECF9574}"
EndProject
Project("{FAE04EC0-301F-11D3-BF4B-00C04F79EFBC}") = "LVK.Extensions.Bootstrapping.Console.Tests", "tests\LVK.Extensions.Bootstrapping.Console.Tests\LVK.Extensions.Bootstrapping.Console.Tests.csproj", "{9ECBB0C4-ECC4-4311-AC2C-C0C8A61DEB0D}"
EndProject
Project("{FAE04EC0-301F-11D3-BF4B-00C04F79EFBC}") = "LVK.Extensions.Bootstrapping.Web.Tests", "tests\LVK.Extensions.Bootstrapping.Web.Tests\LVK.Extensions.Bootstrapping.Web.Tests.csproj", "{8C1BA02E-64F4-4F8B-A969-C44F0D0AD0EF}"
EndProject
Project("{FAE04EC0-301F-11D3-BF4B-00C04F79EFBC}") = "LVK.Extensions.Logging.SmartInspect.Tests", "tests\LVK.Extensions.Logging.SmartInspect.Tests\LVK.Extensions.Logging.SmartInspect.Tests.csproj", "{283DDD69-8DF4-4DC0-9801-AC958CDB5E99}"
EndProject
Project("{FAE04EC0-301F-11D3-BF4B-00C04F79EFBC}") = "LVK.ObjectDumper.Tests", "tests\LVK.ObjectDumper.Tests\LVK.ObjectDumper.Tests.csproj", "{875079AA-5CF7-4610-AE34-3BE275799E91}"
EndProject
Project("{FAE04EC0-301F-11D3-BF4B-00C04F79EFBC}") = "LVK.Typed.Tests", "tests\LVK.Typed.Tests\LVK.Typed.Tests.csproj", "{17F150B4-2287-4571-AB13-81619EC2DB63}"
EndProject
Project("{FAE04EC0-301F-11D3-BF4B-00C04F79EFBC}") = "Sandbox.Console", "sandbox\Sandbox.Console\Sandbox.Console.csproj", "{B5FD74A8-6626-4A85-8609-064EEC780B6A}"
EndProject
Project("{FAE04EC0-301F-11D3-BF4B-00C04F79EFBC}") = "LVK.ObjectDumper.Logging", "src\LVK.ObjectDumper.Logging\LVK.ObjectDumper.Logging.csproj", "{1F021055-26A7-4FE4-BB5D-89CCE7BC0D9F}"
EndProject
Global
	GlobalSection(SolutionConfigurationPlatforms) = preSolution
		Debug|Any CPU = Debug|Any CPU
		Release|Any CPU = Release|Any CPU
	EndGlobalSection
	GlobalSection(NestedProjects) = preSolution
		{89AC48DB-60FD-4FAF-A078-BC9B22A05A39} = {F73A7C55-3D69-4A93-AB3E-A9742B9E992D}
		{03EE45DD-B5E6-4809-B0D0-6C0FE9DAF18A} = {7A7AE7C0-EE49-4EBB-BC09-9B95773610A9}
		{60C03124-91BE-418B-B9F0-625A49F61784} = {F73A7C55-3D69-4A93-AB3E-A9742B9E992D}
		{F844BBEE-4ABC-4187-9D9D-090D92B7875E} = {F73A7C55-3D69-4A93-AB3E-A9742B9E992D}
		{95FA1679-76E5-466E-ACBA-AB79D4C543CE} = {F73A7C55-3D69-4A93-AB3E-A9742B9E992D}
		{F27FF8A9-CFB3-4835-8510-3A6F831A63CC} = {F73A7C55-3D69-4A93-AB3E-A9742B9E992D}
		{FBA56347-7C7F-44D8-B610-598BB2989491} = {F73A7C55-3D69-4A93-AB3E-A9742B9E992D}
		{B5B84389-1D89-4072-B0F9-B34F3AF64460} = {F73A7C55-3D69-4A93-AB3E-A9742B9E992D}
		{65CB838A-7827-4B90-A63E-7ACC62458504} = {F73A7C55-3D69-4A93-AB3E-A9742B9E992D}
		{21E41BF6-5492-4482-ABB0-39F839478631} = {F73A7C55-3D69-4A93-AB3E-A9742B9E992D}
		{1D18CAD6-4B11-46A4-9FFD-A8289C5A273B} = {F73A7C55-3D69-4A93-AB3E-A9742B9E992D}
		{4AE7FF7C-4F16-4B5C-B87B-B7AA256F0EF4} = {F73A7C55-3D69-4A93-AB3E-A9742B9E992D}
		{4182783D-43FD-4E7C-B938-6C30270461C3} = {F73A7C55-3D69-4A93-AB3E-A9742B9E992D}
		{91FD03EF-F546-4381-8B32-54A597DCC2C3} = {F73A7C55-3D69-4A93-AB3E-A9742B9E992D}
		{192EC922-C884-4A5E-9C16-220877F5C4BE} = {7A7AE7C0-EE49-4EBB-BC09-9B95773610A9}
		{B0425008-B20E-46EB-9C0C-F5F716185323} = {7A7AE7C0-EE49-4EBB-BC09-9B95773610A9}
		{9103D04C-AF25-4C5D-976D-FC00FECF9574} = {7A7AE7C0-EE49-4EBB-BC09-9B95773610A9}
		{9ECBB0C4-ECC4-4311-AC2C-C0C8A61DEB0D} = {7A7AE7C0-EE49-4EBB-BC09-9B95773610A9}
		{8C1BA02E-64F4-4F8B-A969-C44F0D0AD0EF} = {7A7AE7C0-EE49-4EBB-BC09-9B95773610A9}
		{283DDD69-8DF4-4DC0-9801-AC958CDB5E99} = {7A7AE7C0-EE49-4EBB-BC09-9B95773610A9}
		{875079AA-5CF7-4610-AE34-3BE275799E91} = {7A7AE7C0-EE49-4EBB-BC09-9B95773610A9}
		{17F150B4-2287-4571-AB13-81619EC2DB63} = {7A7AE7C0-EE49-4EBB-BC09-9B95773610A9}
		{B5FD74A8-6626-4A85-8609-064EEC780B6A} = {B1D6B619-2086-4FDC-AD8E-42EB0887D63D}
		{1F021055-26A7-4FE4-BB5D-89CCE7BC0D9F} = {F73A7C55-3D69-4A93-AB3E-A9742B9E992D}
	EndGlobalSection
	GlobalSection(ProjectConfigurationPlatforms) = postSolution
		{89AC48DB-60FD-4FAF-A078-BC9B22A05A39}.Debug|Any CPU.ActiveCfg = Debug|Any CPU
		{89AC48DB-60FD-4FAF-A078-BC9B22A05A39}.Debug|Any CPU.Build.0 = Debug|Any CPU
		{89AC48DB-60FD-4FAF-A078-BC9B22A05A39}.Release|Any CPU.ActiveCfg = Release|Any CPU
		{89AC48DB-60FD-4FAF-A078-BC9B22A05A39}.Release|Any CPU.Build.0 = Release|Any CPU
		{03EE45DD-B5E6-4809-B0D0-6C0FE9DAF18A}.Debug|Any CPU.ActiveCfg = Debug|Any CPU
		{03EE45DD-B5E6-4809-B0D0-6C0FE9DAF18A}.Debug|Any CPU.Build.0 = Debug|Any CPU
		{03EE45DD-B5E6-4809-B0D0-6C0FE9DAF18A}.Release|Any CPU.ActiveCfg = Release|Any CPU
		{03EE45DD-B5E6-4809-B0D0-6C0FE9DAF18A}.Release|Any CPU.Build.0 = Release|Any CPU
		{60C03124-91BE-418B-B9F0-625A49F61784}.Debug|Any CPU.ActiveCfg = Debug|Any CPU
		{60C03124-91BE-418B-B9F0-625A49F61784}.Debug|Any CPU.Build.0 = Debug|Any CPU
		{60C03124-91BE-418B-B9F0-625A49F61784}.Release|Any CPU.ActiveCfg = Release|Any CPU
		{60C03124-91BE-418B-B9F0-625A49F61784}.Release|Any CPU.Build.0 = Release|Any CPU
		{F844BBEE-4ABC-4187-9D9D-090D92B7875E}.Debug|Any CPU.ActiveCfg = Debug|Any CPU
		{F844BBEE-4ABC-4187-9D9D-090D92B7875E}.Debug|Any CPU.Build.0 = Debug|Any CPU
		{F844BBEE-4ABC-4187-9D9D-090D92B7875E}.Release|Any CPU.ActiveCfg = Release|Any CPU
		{F844BBEE-4ABC-4187-9D9D-090D92B7875E}.Release|Any CPU.Build.0 = Release|Any CPU
		{95FA1679-76E5-466E-ACBA-AB79D4C543CE}.Debug|Any CPU.ActiveCfg = Debug|Any CPU
		{95FA1679-76E5-466E-ACBA-AB79D4C543CE}.Debug|Any CPU.Build.0 = Debug|Any CPU
		{95FA1679-76E5-466E-ACBA-AB79D4C543CE}.Release|Any CPU.ActiveCfg = Release|Any CPU
		{95FA1679-76E5-466E-ACBA-AB79D4C543CE}.Release|Any CPU.Build.0 = Release|Any CPU
		{F27FF8A9-CFB3-4835-8510-3A6F831A63CC}.Debug|Any CPU.ActiveCfg = Debug|Any CPU
		{F27FF8A9-CFB3-4835-8510-3A6F831A63CC}.Debug|Any CPU.Build.0 = Debug|Any CPU
		{F27FF8A9-CFB3-4835-8510-3A6F831A63CC}.Release|Any CPU.ActiveCfg = Release|Any CPU
		{F27FF8A9-CFB3-4835-8510-3A6F831A63CC}.Release|Any CPU.Build.0 = Release|Any CPU
		{FBA56347-7C7F-44D8-B610-598BB2989491}.Debug|Any CPU.ActiveCfg = Debug|Any CPU
		{FBA56347-7C7F-44D8-B610-598BB2989491}.Debug|Any CPU.Build.0 = Debug|Any CPU
		{FBA56347-7C7F-44D8-B610-598BB2989491}.Release|Any CPU.ActiveCfg = Release|Any CPU
		{FBA56347-7C7F-44D8-B610-598BB2989491}.Release|Any CPU.Build.0 = Release|Any CPU
		{B5B84389-1D89-4072-B0F9-B34F3AF64460}.Debug|Any CPU.ActiveCfg = Debug|Any CPU
		{B5B84389-1D89-4072-B0F9-B34F3AF64460}.Debug|Any CPU.Build.0 = Debug|Any CPU
		{B5B84389-1D89-4072-B0F9-B34F3AF64460}.Release|Any CPU.ActiveCfg = Release|Any CPU
		{B5B84389-1D89-4072-B0F9-B34F3AF64460}.Release|Any CPU.Build.0 = Release|Any CPU
		{65CB838A-7827-4B90-A63E-7ACC62458504}.Debug|Any CPU.ActiveCfg = Debug|Any CPU
		{65CB838A-7827-4B90-A63E-7ACC62458504}.Debug|Any CPU.Build.0 = Debug|Any CPU
		{65CB838A-7827-4B90-A63E-7ACC62458504}.Release|Any CPU.ActiveCfg = Release|Any CPU
		{65CB838A-7827-4B90-A63E-7ACC62458504}.Release|Any CPU.Build.0 = Release|Any CPU
		{21E41BF6-5492-4482-ABB0-39F839478631}.Debug|Any CPU.ActiveCfg = Debug|Any CPU
		{21E41BF6-5492-4482-ABB0-39F839478631}.Debug|Any CPU.Build.0 = Debug|Any CPU
		{21E41BF6-5492-4482-ABB0-39F839478631}.Release|Any CPU.ActiveCfg = Release|Any CPU
		{21E41BF6-5492-4482-ABB0-39F839478631}.Release|Any CPU.Build.0 = Release|Any CPU
		{1D18CAD6-4B11-46A4-9FFD-A8289C5A273B}.Debug|Any CPU.ActiveCfg = Debug|Any CPU
		{1D18CAD6-4B11-46A4-9FFD-A8289C5A273B}.Debug|Any CPU.Build.0 = Debug|Any CPU
		{1D18CAD6-4B11-46A4-9FFD-A8289C5A273B}.Release|Any CPU.ActiveCfg = Release|Any CPU
		{1D18CAD6-4B11-46A4-9FFD-A8289C5A273B}.Release|Any CPU.Build.0 = Release|Any CPU
		{4AE7FF7C-4F16-4B5C-B87B-B7AA256F0EF4}.Debug|Any CPU.ActiveCfg = Debug|Any CPU
		{4AE7FF7C-4F16-4B5C-B87B-B7AA256F0EF4}.Debug|Any CPU.Build.0 = Debug|Any CPU
		{4AE7FF7C-4F16-4B5C-B87B-B7AA256F0EF4}.Release|Any CPU.ActiveCfg = Release|Any CPU
		{4AE7FF7C-4F16-4B5C-B87B-B7AA256F0EF4}.Release|Any CPU.Build.0 = Release|Any CPU
		{4182783D-43FD-4E7C-B938-6C30270461C3}.Debug|Any CPU.ActiveCfg = Debug|Any CPU
		{4182783D-43FD-4E7C-B938-6C30270461C3}.Debug|Any CPU.Build.0 = Debug|Any CPU
		{4182783D-43FD-4E7C-B938-6C30270461C3}.Release|Any CPU.ActiveCfg = Release|Any CPU
		{4182783D-43FD-4E7C-B938-6C30270461C3}.Release|Any CPU.Build.0 = Release|Any CPU
		{91FD03EF-F546-4381-8B32-54A597DCC2C3}.Debug|Any CPU.ActiveCfg = Debug|Any CPU
		{91FD03EF-F546-4381-8B32-54A597DCC2C3}.Debug|Any CPU.Build.0 = Debug|Any CPU
		{91FD03EF-F546-4381-8B32-54A597DCC2C3}.Release|Any CPU.ActiveCfg = Release|Any CPU
		{91FD03EF-F546-4381-8B32-54A597DCC2C3}.Release|Any CPU.Build.0 = Release|Any CPU
		{192EC922-C884-4A5E-9C16-220877F5C4BE}.Debug|Any CPU.ActiveCfg = Debug|Any CPU
		{192EC922-C884-4A5E-9C16-220877F5C4BE}.Debug|Any CPU.Build.0 = Debug|Any CPU
		{192EC922-C884-4A5E-9C16-220877F5C4BE}.Release|Any CPU.ActiveCfg = Release|Any CPU
		{192EC922-C884-4A5E-9C16-220877F5C4BE}.Release|Any CPU.Build.0 = Release|Any CPU
		{B0425008-B20E-46EB-9C0C-F5F716185323}.Debug|Any CPU.ActiveCfg = Debug|Any CPU
		{B0425008-B20E-46EB-9C0C-F5F716185323}.Debug|Any CPU.Build.0 = Debug|Any CPU
		{B0425008-B20E-46EB-9C0C-F5F716185323}.Release|Any CPU.ActiveCfg = Release|Any CPU
		{B0425008-B20E-46EB-9C0C-F5F716185323}.Release|Any CPU.Build.0 = Release|Any CPU
		{9103D04C-AF25-4C5D-976D-FC00FECF9574}.Debug|Any CPU.ActiveCfg = Debug|Any CPU
		{9103D04C-AF25-4C5D-976D-FC00FECF9574}.Debug|Any CPU.Build.0 = Debug|Any CPU
		{9103D04C-AF25-4C5D-976D-FC00FECF9574}.Release|Any CPU.ActiveCfg = Release|Any CPU
		{9103D04C-AF25-4C5D-976D-FC00FECF9574}.Release|Any CPU.Build.0 = Release|Any CPU
		{9ECBB0C4-ECC4-4311-AC2C-C0C8A61DEB0D}.Debug|Any CPU.ActiveCfg = Debug|Any CPU
		{9ECBB0C4-ECC4-4311-AC2C-C0C8A61DEB0D}.Debug|Any CPU.Build.0 = Debug|Any CPU
		{9ECBB0C4-ECC4-4311-AC2C-C0C8A61DEB0D}.Release|Any CPU.ActiveCfg = Release|Any CPU
		{9ECBB0C4-ECC4-4311-AC2C-C0C8A61DEB0D}.Release|Any CPU.Build.0 = Release|Any CPU
		{8C1BA02E-64F4-4F8B-A969-C44F0D0AD0EF}.Debug|Any CPU.ActiveCfg = Debug|Any CPU
		{8C1BA02E-64F4-4F8B-A969-C44F0D0AD0EF}.Debug|Any CPU.Build.0 = Debug|Any CPU
		{8C1BA02E-64F4-4F8B-A969-C44F0D0AD0EF}.Release|Any CPU.ActiveCfg = Release|Any CPU
		{8C1BA02E-64F4-4F8B-A969-C44F0D0AD0EF}.Release|Any CPU.Build.0 = Release|Any CPU
		{283DDD69-8DF4-4DC0-9801-AC958CDB5E99}.Debug|Any CPU.ActiveCfg = Debug|Any CPU
		{283DDD69-8DF4-4DC0-9801-AC958CDB5E99}.Debug|Any CPU.Build.0 = Debug|Any CPU
		{283DDD69-8DF4-4DC0-9801-AC958CDB5E99}.Release|Any CPU.ActiveCfg = Release|Any CPU
		{283DDD69-8DF4-4DC0-9801-AC958CDB5E99}.Release|Any CPU.Build.0 = Release|Any CPU
		{875079AA-5CF7-4610-AE34-3BE275799E91}.Debug|Any CPU.ActiveCfg = Debug|Any CPU
		{875079AA-5CF7-4610-AE34-3BE275799E91}.Debug|Any CPU.Build.0 = Debug|Any CPU
		{875079AA-5CF7-4610-AE34-3BE275799E91}.Release|Any CPU.ActiveCfg = Release|Any CPU
		{875079AA-5CF7-4610-AE34-3BE275799E91}.Release|Any CPU.Build.0 = Release|Any CPU
		{17F150B4-2287-4571-AB13-81619EC2DB63}.Debug|Any CPU.ActiveCfg = Debug|Any CPU
		{17F150B4-2287-4571-AB13-81619EC2DB63}.Debug|Any CPU.Build.0 = Debug|Any CPU
		{17F150B4-2287-4571-AB13-81619EC2DB63}.Release|Any CPU.ActiveCfg = Release|Any CPU
		{17F150B4-2287-4571-AB13-81619EC2DB63}.Release|Any CPU.Build.0 = Release|Any CPU
		{B5FD74A8-6626-4A85-8609-064EEC780B6A}.Debug|Any CPU.ActiveCfg = Debug|Any CPU
		{B5FD74A8-6626-4A85-8609-064EEC780B6A}.Debug|Any CPU.Build.0 = Debug|Any CPU
		{B5FD74A8-6626-4A85-8609-064EEC780B6A}.Release|Any CPU.ActiveCfg = Release|Any CPU
		{B5FD74A8-6626-4A85-8609-064EEC780B6A}.Release|Any CPU.Build.0 = Release|Any CPU
		{1F021055-26A7-4FE4-BB5D-89CCE7BC0D9F}.Debug|Any CPU.ActiveCfg = Debug|Any CPU
		{1F021055-26A7-4FE4-BB5D-89CCE7BC0D9F}.Debug|Any CPU.Build.0 = Debug|Any CPU
		{1F021055-26A7-4FE4-BB5D-89CCE7BC0D9F}.Release|Any CPU.ActiveCfg = Release|Any CPU
		{1F021055-26A7-4FE4-BB5D-89CCE7BC0D9F}.Release|Any CPU.Build.0 = Release|Any CPU
	EndGlobalSection
EndGlobal
