
Microsoft Visual Studio Solution File, Format Version 12.00
Project("{2150E333-8FDC-42A3-9474-1A3956D46DE8}") = "_github workflows", "_github workflows", "{1C3EAE24-74F8-4C12-ABEC-9EB15B0FFFCA}"
	ProjectSection(SolutionItems) = preProject
		.github\workflows\build.yml = .github\workflows\build.yml
		.github\workflows\publish-nuget.yml = .github\workflows\publish-nuget.yml
	EndProjectSection
EndProject
Project("{2150E333-8FDC-42A3-9474-1A3956D46DE8}") = "_solution items", "_solution items", "{1FF4DFEA-0749-48A6-ADF4-6288AEAC5BA6}"
	ProjectSection(SolutionItems) = preProject
		.editorconfig = .editorconfig
		.gitattributes = .gitattributes
		.gitignore = .gitignore
		LICENSE.md = LICENSE.md
		README.md = README.md
	EndProjectSection
EndProject
Project("{2150E333-8FDC-42A3-9474-1A3956D46DE8}") = "src", "src", "{F73A7C55-3D69-4A93-AB3E-A9742B9E992D}"
EndProject
Project("{2150E333-8FDC-42A3-9474-1A3956D46DE8}") = "tests", "tests", "{7A7AE7C0-EE49-4EBB-BC09-9B95773610A9}"
EndProject
Project("{2150E333-8FDC-42A3-9474-1A3956D46DE8}") = "sandbox", "sandbox", "{B1D6B619-2086-4FDC-AD8E-42EB0887D63D}"
	ProjectSection(SolutionItems) = preProject
		sandbox\Ssh-TestTunnel.ps1 = sandbox\Ssh-TestTunnel.ps1
	EndProjectSection
EndProject
Project("{FAE04EC0-301F-11D3-BF4B-00C04F79EFBC}") = "LVK.Core", "src\LVK.Core\LVK.Core.csproj", "{89AC48DB-60FD-4FAF-A078-BC9B22A05A39}"
EndProject
Project("{FAE04EC0-301F-11D3-BF4B-00C04F79EFBC}") = "LVK.Core.Tests", "tests\LVK.Core.Tests\LVK.Core.Tests.csproj", "{03EE45DD-B5E6-4809-B0D0-6C0FE9DAF18A}"
EndProject
Project("{FAE04EC0-301F-11D3-BF4B-00C04F79EFBC}") = "LVK.Events", "src\LVK.Events\LVK.Events.csproj", "{F27FF8A9-CFB3-4835-8510-3A6F831A63CC}"
EndProject
Project("{FAE04EC0-301F-11D3-BF4B-00C04F79EFBC}") = "LVK.Extensions.Logging.SmartInspect", "src\LVK.Extensions.Logging.SmartInspect\LVK.Extensions.Logging.SmartInspect.csproj", "{B5B84389-1D89-4072-B0F9-B34F3AF64460}"
EndProject
Project("{FAE04EC0-301F-11D3-BF4B-00C04F79EFBC}") = "LVK.NodaTime", "src\LVK.NodaTime\LVK.NodaTime.csproj", "{21E41BF6-5492-4482-ABB0-39F839478631}"
EndProject
Project("{FAE04EC0-301F-11D3-BF4B-00C04F79EFBC}") = "LVK.ObjectDumper", "src\LVK.ObjectDumper\LVK.ObjectDumper.csproj", "{1D18CAD6-4B11-46A4-9FFD-A8289C5A273B}"
EndProject
Project("{FAE04EC0-301F-11D3-BF4B-00C04F79EFBC}") = "LVK.Typed", "src\LVK.Typed\LVK.Typed.csproj", "{4182783D-43FD-4E7C-B938-6C30270461C3}"
EndProject
Project("{FAE04EC0-301F-11D3-BF4B-00C04F79EFBC}") = "LVK.Events.Tests", "tests\LVK.Events.Tests\LVK.Events.Tests.csproj", "{192EC922-C884-4A5E-9C16-220877F5C4BE}"
EndProject
Project("{FAE04EC0-301F-11D3-BF4B-00C04F79EFBC}") = "LVK.Tests", "tests\LVK.Tests\LVK.Tests.csproj", "{B0425008-B20E-46EB-9C0C-F5F716185323}"
EndProject
Project("{FAE04EC0-301F-11D3-BF4B-00C04F79EFBC}") = "LVK.Extensions.Logging.SmartInspect.Tests", "tests\LVK.Extensions.Logging.SmartInspect.Tests\LVK.Extensions.Logging.SmartInspect.Tests.csproj", "{283DDD69-8DF4-4DC0-9801-AC958CDB5E99}"
EndProject
Project("{FAE04EC0-301F-11D3-BF4B-00C04F79EFBC}") = "LVK.ObjectDumper.Tests", "tests\LVK.ObjectDumper.Tests\LVK.ObjectDumper.Tests.csproj", "{875079AA-5CF7-4610-AE34-3BE275799E91}"
EndProject
Project("{FAE04EC0-301F-11D3-BF4B-00C04F79EFBC}") = "LVK.Typed.Tests", "tests\LVK.Typed.Tests\LVK.Typed.Tests.csproj", "{17F150B4-2287-4571-AB13-81619EC2DB63}"
EndProject
Project("{FAE04EC0-301F-11D3-BF4B-00C04F79EFBC}") = "Sandbox.ConsoleApp", "sandbox\Sandbox.ConsoleApp\Sandbox.ConsoleApp.csproj", "{B5FD74A8-6626-4A85-8609-064EEC780B6A}"
EndProject
Project("{FAE04EC0-301F-11D3-BF4B-00C04F79EFBC}") = "LVK.Data", "src\LVK.Data\LVK.Data.csproj", "{0FA566C2-28A8-4508-A15E-56F6CFEC592A}"
EndProject
Project("{FAE04EC0-301F-11D3-BF4B-00C04F79EFBC}") = "Sandbox.WindowsService", "sandbox\Sandbox.WindowsService\Sandbox.WindowsService.csproj", "{87B9602D-15A8-4E8B-AA09-025F333BF948}"
EndProject
Project("{FAE04EC0-301F-11D3-BF4B-00C04F79EFBC}") = "LVK.Core.App.Console", "src\LVK.Core.App.Console\LVK.Core.App.Console.csproj", "{9FDAACF2-12B0-4CFD-9A67-6C47ACDD89CA}"
EndProject
Project("{FAE04EC0-301F-11D3-BF4B-00C04F79EFBC}") = "LVK.Core.App.WindowsService", "src\LVK.Core.App.WindowsService\LVK.Core.App.WindowsService.csproj", "{A45FAB59-E8CA-49BA-8FA2-5B68BBE1C269}"
EndProject
Project("{FAE04EC0-301F-11D3-BF4B-00C04F79EFBC}") = "LVK.Core.App.Web", "src\LVK.Core.App.Web\LVK.Core.App.Web.csproj", "{5C63E829-4D31-40E7-B525-964D494B4F9A}"
EndProject
Project("{FAE04EC0-301F-11D3-BF4B-00C04F79EFBC}") = "LVK.Core.App.Console.Tests", "tests\LVK.Core.App.Console.Tests\LVK.Core.App.Console.Tests.csproj", "{6C843E85-F7E0-485F-8FD2-DCF99499332B}"
EndProject
Project("{FAE04EC0-301F-11D3-BF4B-00C04F79EFBC}") = "LVK.Core.App.Web.Tests", "tests\LVK.Core.App.Web.Tests\LVK.Core.App.Web.Tests.csproj", "{7AD08859-EE93-4A16-9FAC-940CC4C1CC76}"
EndProject
Project("{FAE04EC0-301F-11D3-BF4B-00C04F79EFBC}") = "LVK.Core.App.WindowsService.Tests", "tests\LVK.Core.App.WindowsService.Tests\LVK.Core.App.WindowsService.Tests.csproj", "{960B19B7-9267-4E3B-98F1-2481BD06824A}"
EndProject
Project("{FAE04EC0-301F-11D3-BF4B-00C04F79EFBC}") = "LVK.Data.Tests", "tests\LVK.Data.Tests\LVK.Data.Tests.csproj", "{E40168B0-D6DC-45DD-914B-C470F979BEE9}"
EndProject
Project("{FAE04EC0-301F-11D3-BF4B-00C04F79EFBC}") = "LVK.NodaTime.Tests", "tests\LVK.NodaTime.Tests\LVK.NodaTime.Tests.csproj", "{17FA9ACA-757E-46DC-9494-18CB1497B4E9}"
EndProject
Project("{FAE04EC0-301F-11D3-BF4B-00C04F79EFBC}") = "Sandbox.WebApp.Razor", "sandbox\Sandbox.WebApp.Razor\Sandbox.WebApp.Razor.csproj", "{6625A514-6702-40CD-AE2B-1EF053EF7915}"
EndProject
Project("{FAE04EC0-301F-11D3-BF4B-00C04F79EFBC}") = "Sandbox.WebApp.Blazor", "sandbox\Sandbox.WebApp.Blazor\Sandbox.WebApp.Blazor.csproj", "{9E351FB0-AC4F-4E21-8603-C91B9EDFC84B}"
EndProject
Project("{FAE04EC0-301F-11D3-BF4B-00C04F79EFBC}") = "LVK.Settings", "src\LVK.Settings\LVK.Settings.csproj", "{6D5AAC13-CD75-436C-A75C-8D25FF18D25A}"
EndProject
Project("{FAE04EC0-301F-11D3-BF4B-00C04F79EFBC}") = "LVK.Settings.Tests", "tests\LVK.Settings.Tests\LVK.Settings.Tests.csproj", "{F91D7431-F0DA-4453-9467-F72ACEA240F7}"
EndProject
Project("{FAE04EC0-301F-11D3-BF4B-00C04F79EFBC}") = "LVK.Networking", "src\LVK.Networking\LVK.Networking.csproj", "{9F905C6D-2B94-40D2-AD8C-76555C64A5B4}"
EndProject
Project("{FAE04EC0-301F-11D3-BF4B-00C04F79EFBC}") = "LVK.Notifications.Pushover", "src\LVK.Notifications.Pushover\LVK.Notifications.Pushover.csproj", "{472EDEFC-E9C3-4702-8846-A67069621F4F}"
EndProject
Project("{FAE04EC0-301F-11D3-BF4B-00C04F79EFBC}") = "LVK.Networking.Tests", "tests\LVK.Networking.Tests\LVK.Networking.Tests.csproj", "{EE2C27C3-B2DC-42C8-8D6D-14E92E8A1FD7}"
EndProject
Project("{FAE04EC0-301F-11D3-BF4B-00C04F79EFBC}") = "LVK.Notifications.Pushover.Tests", "tests\LVK.Notifications.Pushover.Tests\LVK.Notifications.Pushover.Tests.csproj", "{ADD30712-9818-4630-B19D-D62BED37818B}"
EndProject
Project("{FAE04EC0-301F-11D3-BF4B-00C04F79EFBC}") = "LVK.Data.EntityFramework", "src\LVK.Data.EntityFramework\LVK.Data.EntityFramework.csproj", "{350B096E-FC22-4D40-A6B1-7BDC46A70E70}"
EndProject
Project("{FAE04EC0-301F-11D3-BF4B-00C04F79EFBC}") = "LVK.Data.EntityFramework.MySql", "src\LVK.Data.EntityFramework.MySql\LVK.Data.EntityFramework.MySql.csproj", "{C6CC0958-3BB2-462F-9FB8-0F0B49345EBE}"
EndProject
Project("{FAE04EC0-301F-11D3-BF4B-00C04F79EFBC}") = "LVK.Data.EntityFramework.Sqlite", "src\LVK.Data.EntityFramework.Sqlite\LVK.Data.EntityFramework.Sqlite.csproj", "{2A19585B-0089-4A52-B02C-FCFABB5D0AA3}"
EndProject
Project("{FAE04EC0-301F-11D3-BF4B-00C04F79EFBC}") = "LVK.Data.EntityFramework.MySql.Tests", "tests\LVK.Data.EntityFramework.MySql.Tests\LVK.Data.EntityFramework.MySql.Tests.csproj", "{EF9C263B-617F-4B84-ADCB-507A388BB3EC}"
EndProject
Project("{FAE04EC0-301F-11D3-BF4B-00C04F79EFBC}") = "LVK.Data.EntityFramework.Tests", "tests\LVK.Data.EntityFramework.Tests\LVK.Data.EntityFramework.Tests.csproj", "{E5D763A3-81F1-4B74-88FF-66F381378D47}"
EndProject
Project("{FAE04EC0-301F-11D3-BF4B-00C04F79EFBC}") = "LVK.Data.EntityFramework.Sqlite.Tests", "tests\LVK.Data.EntityFramework.Sqlite.Tests\LVK.Data.EntityFramework.Sqlite.Tests.csproj", "{B4DA159D-CB20-4AE4-9A12-B8533066E450}"
EndProject
Project("{FAE04EC0-301F-11D3-BF4B-00C04F79EFBC}") = "LVK.Data.EntityFramework.Postgres", "src\LVK.Data.EntityFramework.Postgres\LVK.Data.EntityFramework.Postgres.csproj", "{581EC742-A00D-4777-8B14-250C5172ADB0}"
EndProject
Project("{FAE04EC0-301F-11D3-BF4B-00C04F79EFBC}") = "LVK.Data.EntityFramework.Postgres.Tests", "tests\LVK.Data.EntityFramework.Postgres.Tests\LVK.Data.EntityFramework.Postgres.Tests.csproj", "{FF0241A2-822C-4FD9-80CD-4EE3DB518950}"
EndProject
Project("{FAE04EC0-301F-11D3-BF4B-00C04F79EFBC}") = "LVK.Data.BlobStorage", "src\LVK.Data.BlobStorage\LVK.Data.BlobStorage.csproj", "{C2DD6138-12C2-4D65-AB57-BBE706DB9A7D}"
EndProject
Project("{FAE04EC0-301F-11D3-BF4B-00C04F79EFBC}") = "LVK.Security.OnePassword", "src\LVK.Security.OnePassword\LVK.Security.OnePassword.csproj", "{76BE5256-34D8-43D4-B475-29AD74A31A13}"
EndProject
Project("{FAE04EC0-301F-11D3-BF4B-00C04F79EFBC}") = "LVK.Data.Processing", "src\LVK.Data.Processing\LVK.Data.Processing.csproj", "{C36A5FBD-4FE3-47EC-827E-4DB6D7B8B796}"
EndProject
Global
	GlobalSection(SolutionConfigurationPlatforms) = preSolution
		Debug|Any CPU = Debug|Any CPU
		Release|Any CPU = Release|Any CPU
	EndGlobalSection
	GlobalSection(NestedProjects) = preSolution
		{89AC48DB-60FD-4FAF-A078-BC9B22A05A39} = {F73A7C55-3D69-4A93-AB3E-A9742B9E992D}
		{03EE45DD-B5E6-4809-B0D0-6C0FE9DAF18A} = {7A7AE7C0-EE49-4EBB-BC09-9B95773610A9}
		{F27FF8A9-CFB3-4835-8510-3A6F831A63CC} = {F73A7C55-3D69-4A93-AB3E-A9742B9E992D}
		{B5B84389-1D89-4072-B0F9-B34F3AF64460} = {F73A7C55-3D69-4A93-AB3E-A9742B9E992D}
		{21E41BF6-5492-4482-ABB0-39F839478631} = {F73A7C55-3D69-4A93-AB3E-A9742B9E992D}
		{1D18CAD6-4B11-46A4-9FFD-A8289C5A273B} = {F73A7C55-3D69-4A93-AB3E-A9742B9E992D}
		{4182783D-43FD-4E7C-B938-6C30270461C3} = {F73A7C55-3D69-4A93-AB3E-A9742B9E992D}
		{192EC922-C884-4A5E-9C16-220877F5C4BE} = {7A7AE7C0-EE49-4EBB-BC09-9B95773610A9}
		{B0425008-B20E-46EB-9C0C-F5F716185323} = {7A7AE7C0-EE49-4EBB-BC09-9B95773610A9}
		{283DDD69-8DF4-4DC0-9801-AC958CDB5E99} = {7A7AE7C0-EE49-4EBB-BC09-9B95773610A9}
		{875079AA-5CF7-4610-AE34-3BE275799E91} = {7A7AE7C0-EE49-4EBB-BC09-9B95773610A9}
		{17F150B4-2287-4571-AB13-81619EC2DB63} = {7A7AE7C0-EE49-4EBB-BC09-9B95773610A9}
		{B5FD74A8-6626-4A85-8609-064EEC780B6A} = {B1D6B619-2086-4FDC-AD8E-42EB0887D63D}
		{0FA566C2-28A8-4508-A15E-56F6CFEC592A} = {F73A7C55-3D69-4A93-AB3E-A9742B9E992D}
		{87B9602D-15A8-4E8B-AA09-025F333BF948} = {B1D6B619-2086-4FDC-AD8E-42EB0887D63D}
		{9FDAACF2-12B0-4CFD-9A67-6C47ACDD89CA} = {F73A7C55-3D69-4A93-AB3E-A9742B9E992D}
		{A45FAB59-E8CA-49BA-8FA2-5B68BBE1C269} = {F73A7C55-3D69-4A93-AB3E-A9742B9E992D}
		{5C63E829-4D31-40E7-B525-964D494B4F9A} = {F73A7C55-3D69-4A93-AB3E-A9742B9E992D}
		{6C843E85-F7E0-485F-8FD2-DCF99499332B} = {7A7AE7C0-EE49-4EBB-BC09-9B95773610A9}
		{7AD08859-EE93-4A16-9FAC-940CC4C1CC76} = {7A7AE7C0-EE49-4EBB-BC09-9B95773610A9}
		{960B19B7-9267-4E3B-98F1-2481BD06824A} = {7A7AE7C0-EE49-4EBB-BC09-9B95773610A9}
		{E40168B0-D6DC-45DD-914B-C470F979BEE9} = {7A7AE7C0-EE49-4EBB-BC09-9B95773610A9}
		{17FA9ACA-757E-46DC-9494-18CB1497B4E9} = {7A7AE7C0-EE49-4EBB-BC09-9B95773610A9}
		{6625A514-6702-40CD-AE2B-1EF053EF7915} = {B1D6B619-2086-4FDC-AD8E-42EB0887D63D}
		{9E351FB0-AC4F-4E21-8603-C91B9EDFC84B} = {B1D6B619-2086-4FDC-AD8E-42EB0887D63D}
		{6D5AAC13-CD75-436C-A75C-8D25FF18D25A} = {F73A7C55-3D69-4A93-AB3E-A9742B9E992D}
		{F91D7431-F0DA-4453-9467-F72ACEA240F7} = {7A7AE7C0-EE49-4EBB-BC09-9B95773610A9}
		{9F905C6D-2B94-40D2-AD8C-76555C64A5B4} = {F73A7C55-3D69-4A93-AB3E-A9742B9E992D}
		{472EDEFC-E9C3-4702-8846-A67069621F4F} = {F73A7C55-3D69-4A93-AB3E-A9742B9E992D}
		{EE2C27C3-B2DC-42C8-8D6D-14E92E8A1FD7} = {7A7AE7C0-EE49-4EBB-BC09-9B95773610A9}
		{ADD30712-9818-4630-B19D-D62BED37818B} = {7A7AE7C0-EE49-4EBB-BC09-9B95773610A9}
		{350B096E-FC22-4D40-A6B1-7BDC46A70E70} = {F73A7C55-3D69-4A93-AB3E-A9742B9E992D}
		{C6CC0958-3BB2-462F-9FB8-0F0B49345EBE} = {F73A7C55-3D69-4A93-AB3E-A9742B9E992D}
		{2A19585B-0089-4A52-B02C-FCFABB5D0AA3} = {F73A7C55-3D69-4A93-AB3E-A9742B9E992D}
		{EF9C263B-617F-4B84-ADCB-507A388BB3EC} = {7A7AE7C0-EE49-4EBB-BC09-9B95773610A9}
		{E5D763A3-81F1-4B74-88FF-66F381378D47} = {7A7AE7C0-EE49-4EBB-BC09-9B95773610A9}
		{B4DA159D-CB20-4AE4-9A12-B8533066E450} = {7A7AE7C0-EE49-4EBB-BC09-9B95773610A9}
		{581EC742-A00D-4777-8B14-250C5172ADB0} = {F73A7C55-3D69-4A93-AB3E-A9742B9E992D}
		{FF0241A2-822C-4FD9-80CD-4EE3DB518950} = {7A7AE7C0-EE49-4EBB-BC09-9B95773610A9}
		{C2DD6138-12C2-4D65-AB57-BBE706DB9A7D} = {F73A7C55-3D69-4A93-AB3E-A9742B9E992D}
		{76BE5256-34D8-43D4-B475-29AD74A31A13} = {F73A7C55-3D69-4A93-AB3E-A9742B9E992D}
		{C36A5FBD-4FE3-47EC-827E-4DB6D7B8B796} = {F73A7C55-3D69-4A93-AB3E-A9742B9E992D}
	EndGlobalSection
	GlobalSection(ProjectConfigurationPlatforms) = postSolution
		{89AC48DB-60FD-4FAF-A078-BC9B22A05A39}.Debug|Any CPU.ActiveCfg = Debug|Any CPU
		{89AC48DB-60FD-4FAF-A078-BC9B22A05A39}.Debug|Any CPU.Build.0 = Debug|Any CPU
		{89AC48DB-60FD-4FAF-A078-BC9B22A05A39}.Release|Any CPU.ActiveCfg = Release|Any CPU
		{89AC48DB-60FD-4FAF-A078-BC9B22A05A39}.Release|Any CPU.Build.0 = Release|Any CPU
		{03EE45DD-B5E6-4809-B0D0-6C0FE9DAF18A}.Debug|Any CPU.ActiveCfg = Debug|Any CPU
		{03EE45DD-B5E6-4809-B0D0-6C0FE9DAF18A}.Debug|Any CPU.Build.0 = Debug|Any CPU
		{03EE45DD-B5E6-4809-B0D0-6C0FE9DAF18A}.Release|Any CPU.ActiveCfg = Release|Any CPU
		{03EE45DD-B5E6-4809-B0D0-6C0FE9DAF18A}.Release|Any CPU.Build.0 = Release|Any CPU
		{F27FF8A9-CFB3-4835-8510-3A6F831A63CC}.Debug|Any CPU.ActiveCfg = Debug|Any CPU
		{F27FF8A9-CFB3-4835-8510-3A6F831A63CC}.Debug|Any CPU.Build.0 = Debug|Any CPU
		{F27FF8A9-CFB3-4835-8510-3A6F831A63CC}.Release|Any CPU.ActiveCfg = Release|Any CPU
		{F27FF8A9-CFB3-4835-8510-3A6F831A63CC}.Release|Any CPU.Build.0 = Release|Any CPU
		{B5B84389-1D89-4072-B0F9-B34F3AF64460}.Debug|Any CPU.ActiveCfg = Debug|Any CPU
		{B5B84389-1D89-4072-B0F9-B34F3AF64460}.Debug|Any CPU.Build.0 = Debug|Any CPU
		{B5B84389-1D89-4072-B0F9-B34F3AF64460}.Release|Any CPU.ActiveCfg = Release|Any CPU
		{B5B84389-1D89-4072-B0F9-B34F3AF64460}.Release|Any CPU.Build.0 = Release|Any CPU
		{21E41BF6-5492-4482-ABB0-39F839478631}.Debug|Any CPU.ActiveCfg = Debug|Any CPU
		{21E41BF6-5492-4482-ABB0-39F839478631}.Debug|Any CPU.Build.0 = Debug|Any CPU
		{21E41BF6-5492-4482-ABB0-39F839478631}.Release|Any CPU.ActiveCfg = Release|Any CPU
		{21E41BF6-5492-4482-ABB0-39F839478631}.Release|Any CPU.Build.0 = Release|Any CPU
		{1D18CAD6-4B11-46A4-9FFD-A8289C5A273B}.Debug|Any CPU.ActiveCfg = Debug|Any CPU
		{1D18CAD6-4B11-46A4-9FFD-A8289C5A273B}.Debug|Any CPU.Build.0 = Debug|Any CPU
		{1D18CAD6-4B11-46A4-9FFD-A8289C5A273B}.Release|Any CPU.ActiveCfg = Release|Any CPU
		{1D18CAD6-4B11-46A4-9FFD-A8289C5A273B}.Release|Any CPU.Build.0 = Release|Any CPU
		{4182783D-43FD-4E7C-B938-6C30270461C3}.Debug|Any CPU.ActiveCfg = Debug|Any CPU
		{4182783D-43FD-4E7C-B938-6C30270461C3}.Debug|Any CPU.Build.0 = Debug|Any CPU
		{4182783D-43FD-4E7C-B938-6C30270461C3}.Release|Any CPU.ActiveCfg = Release|Any CPU
		{4182783D-43FD-4E7C-B938-6C30270461C3}.Release|Any CPU.Build.0 = Release|Any CPU
		{192EC922-C884-4A5E-9C16-220877F5C4BE}.Debug|Any CPU.ActiveCfg = Debug|Any CPU
		{192EC922-C884-4A5E-9C16-220877F5C4BE}.Debug|Any CPU.Build.0 = Debug|Any CPU
		{192EC922-C884-4A5E-9C16-220877F5C4BE}.Release|Any CPU.ActiveCfg = Release|Any CPU
		{192EC922-C884-4A5E-9C16-220877F5C4BE}.Release|Any CPU.Build.0 = Release|Any CPU
		{B0425008-B20E-46EB-9C0C-F5F716185323}.Debug|Any CPU.ActiveCfg = Debug|Any CPU
		{B0425008-B20E-46EB-9C0C-F5F716185323}.Debug|Any CPU.Build.0 = Debug|Any CPU
		{B0425008-B20E-46EB-9C0C-F5F716185323}.Release|Any CPU.ActiveCfg = Release|Any CPU
		{B0425008-B20E-46EB-9C0C-F5F716185323}.Release|Any CPU.Build.0 = Release|Any CPU
		{283DDD69-8DF4-4DC0-9801-AC958CDB5E99}.Debug|Any CPU.ActiveCfg = Debug|Any CPU
		{283DDD69-8DF4-4DC0-9801-AC958CDB5E99}.Debug|Any CPU.Build.0 = Debug|Any CPU
		{283DDD69-8DF4-4DC0-9801-AC958CDB5E99}.Release|Any CPU.ActiveCfg = Release|Any CPU
		{283DDD69-8DF4-4DC0-9801-AC958CDB5E99}.Release|Any CPU.Build.0 = Release|Any CPU
		{875079AA-5CF7-4610-AE34-3BE275799E91}.Debug|Any CPU.ActiveCfg = Debug|Any CPU
		{875079AA-5CF7-4610-AE34-3BE275799E91}.Debug|Any CPU.Build.0 = Debug|Any CPU
		{875079AA-5CF7-4610-AE34-3BE275799E91}.Release|Any CPU.ActiveCfg = Release|Any CPU
		{875079AA-5CF7-4610-AE34-3BE275799E91}.Release|Any CPU.Build.0 = Release|Any CPU
		{17F150B4-2287-4571-AB13-81619EC2DB63}.Debug|Any CPU.ActiveCfg = Debug|Any CPU
		{17F150B4-2287-4571-AB13-81619EC2DB63}.Debug|Any CPU.Build.0 = Debug|Any CPU
		{17F150B4-2287-4571-AB13-81619EC2DB63}.Release|Any CPU.ActiveCfg = Release|Any CPU
		{17F150B4-2287-4571-AB13-81619EC2DB63}.Release|Any CPU.Build.0 = Release|Any CPU
		{B5FD74A8-6626-4A85-8609-064EEC780B6A}.Debug|Any CPU.ActiveCfg = Debug|Any CPU
		{B5FD74A8-6626-4A85-8609-064EEC780B6A}.Debug|Any CPU.Build.0 = Debug|Any CPU
		{B5FD74A8-6626-4A85-8609-064EEC780B6A}.Release|Any CPU.ActiveCfg = Release|Any CPU
		{B5FD74A8-6626-4A85-8609-064EEC780B6A}.Release|Any CPU.Build.0 = Release|Any CPU
		{0FA566C2-28A8-4508-A15E-56F6CFEC592A}.Debug|Any CPU.ActiveCfg = Debug|Any CPU
		{0FA566C2-28A8-4508-A15E-56F6CFEC592A}.Debug|Any CPU.Build.0 = Debug|Any CPU
		{0FA566C2-28A8-4508-A15E-56F6CFEC592A}.Release|Any CPU.ActiveCfg = Release|Any CPU
		{0FA566C2-28A8-4508-A15E-56F6CFEC592A}.Release|Any CPU.Build.0 = Release|Any CPU
		{87B9602D-15A8-4E8B-AA09-025F333BF948}.Debug|Any CPU.ActiveCfg = Debug|Any CPU
		{87B9602D-15A8-4E8B-AA09-025F333BF948}.Debug|Any CPU.Build.0 = Debug|Any CPU
		{87B9602D-15A8-4E8B-AA09-025F333BF948}.Release|Any CPU.ActiveCfg = Release|Any CPU
		{87B9602D-15A8-4E8B-AA09-025F333BF948}.Release|Any CPU.Build.0 = Release|Any CPU
		{9FDAACF2-12B0-4CFD-9A67-6C47ACDD89CA}.Debug|Any CPU.ActiveCfg = Debug|Any CPU
		{9FDAACF2-12B0-4CFD-9A67-6C47ACDD89CA}.Debug|Any CPU.Build.0 = Debug|Any CPU
		{9FDAACF2-12B0-4CFD-9A67-6C47ACDD89CA}.Release|Any CPU.ActiveCfg = Release|Any CPU
		{9FDAACF2-12B0-4CFD-9A67-6C47ACDD89CA}.Release|Any CPU.Build.0 = Release|Any CPU
		{A45FAB59-E8CA-49BA-8FA2-5B68BBE1C269}.Debug|Any CPU.ActiveCfg = Debug|Any CPU
		{A45FAB59-E8CA-49BA-8FA2-5B68BBE1C269}.Debug|Any CPU.Build.0 = Debug|Any CPU
		{A45FAB59-E8CA-49BA-8FA2-5B68BBE1C269}.Release|Any CPU.ActiveCfg = Release|Any CPU
		{A45FAB59-E8CA-49BA-8FA2-5B68BBE1C269}.Release|Any CPU.Build.0 = Release|Any CPU
		{5C63E829-4D31-40E7-B525-964D494B4F9A}.Debug|Any CPU.ActiveCfg = Debug|Any CPU
		{5C63E829-4D31-40E7-B525-964D494B4F9A}.Debug|Any CPU.Build.0 = Debug|Any CPU
		{5C63E829-4D31-40E7-B525-964D494B4F9A}.Release|Any CPU.ActiveCfg = Release|Any CPU
		{5C63E829-4D31-40E7-B525-964D494B4F9A}.Release|Any CPU.Build.0 = Release|Any CPU
		{6C843E85-F7E0-485F-8FD2-DCF99499332B}.Debug|Any CPU.ActiveCfg = Debug|Any CPU
		{6C843E85-F7E0-485F-8FD2-DCF99499332B}.Debug|Any CPU.Build.0 = Debug|Any CPU
		{6C843E85-F7E0-485F-8FD2-DCF99499332B}.Release|Any CPU.ActiveCfg = Release|Any CPU
		{6C843E85-F7E0-485F-8FD2-DCF99499332B}.Release|Any CPU.Build.0 = Release|Any CPU
		{7AD08859-EE93-4A16-9FAC-940CC4C1CC76}.Debug|Any CPU.ActiveCfg = Debug|Any CPU
		{7AD08859-EE93-4A16-9FAC-940CC4C1CC76}.Debug|Any CPU.Build.0 = Debug|Any CPU
		{7AD08859-EE93-4A16-9FAC-940CC4C1CC76}.Release|Any CPU.ActiveCfg = Release|Any CPU
		{7AD08859-EE93-4A16-9FAC-940CC4C1CC76}.Release|Any CPU.Build.0 = Release|Any CPU
		{960B19B7-9267-4E3B-98F1-2481BD06824A}.Debug|Any CPU.ActiveCfg = Debug|Any CPU
		{960B19B7-9267-4E3B-98F1-2481BD06824A}.Debug|Any CPU.Build.0 = Debug|Any CPU
		{960B19B7-9267-4E3B-98F1-2481BD06824A}.Release|Any CPU.ActiveCfg = Release|Any CPU
		{960B19B7-9267-4E3B-98F1-2481BD06824A}.Release|Any CPU.Build.0 = Release|Any CPU
		{E40168B0-D6DC-45DD-914B-C470F979BEE9}.Debug|Any CPU.ActiveCfg = Debug|Any CPU
		{E40168B0-D6DC-45DD-914B-C470F979BEE9}.Debug|Any CPU.Build.0 = Debug|Any CPU
		{E40168B0-D6DC-45DD-914B-C470F979BEE9}.Release|Any CPU.ActiveCfg = Release|Any CPU
		{E40168B0-D6DC-45DD-914B-C470F979BEE9}.Release|Any CPU.Build.0 = Release|Any CPU
		{17FA9ACA-757E-46DC-9494-18CB1497B4E9}.Debug|Any CPU.ActiveCfg = Debug|Any CPU
		{17FA9ACA-757E-46DC-9494-18CB1497B4E9}.Debug|Any CPU.Build.0 = Debug|Any CPU
		{17FA9ACA-757E-46DC-9494-18CB1497B4E9}.Release|Any CPU.ActiveCfg = Release|Any CPU
		{17FA9ACA-757E-46DC-9494-18CB1497B4E9}.Release|Any CPU.Build.0 = Release|Any CPU
		{6625A514-6702-40CD-AE2B-1EF053EF7915}.Debug|Any CPU.ActiveCfg = Debug|Any CPU
		{6625A514-6702-40CD-AE2B-1EF053EF7915}.Debug|Any CPU.Build.0 = Debug|Any CPU
		{6625A514-6702-40CD-AE2B-1EF053EF7915}.Release|Any CPU.ActiveCfg = Release|Any CPU
		{6625A514-6702-40CD-AE2B-1EF053EF7915}.Release|Any CPU.Build.0 = Release|Any CPU
		{9E351FB0-AC4F-4E21-8603-C91B9EDFC84B}.Debug|Any CPU.ActiveCfg = Debug|Any CPU
		{9E351FB0-AC4F-4E21-8603-C91B9EDFC84B}.Debug|Any CPU.Build.0 = Debug|Any CPU
		{9E351FB0-AC4F-4E21-8603-C91B9EDFC84B}.Release|Any CPU.ActiveCfg = Release|Any CPU
		{9E351FB0-AC4F-4E21-8603-C91B9EDFC84B}.Release|Any CPU.Build.0 = Release|Any CPU
		{6D5AAC13-CD75-436C-A75C-8D25FF18D25A}.Debug|Any CPU.ActiveCfg = Debug|Any CPU
		{6D5AAC13-CD75-436C-A75C-8D25FF18D25A}.Debug|Any CPU.Build.0 = Debug|Any CPU
		{6D5AAC13-CD75-436C-A75C-8D25FF18D25A}.Release|Any CPU.ActiveCfg = Release|Any CPU
		{6D5AAC13-CD75-436C-A75C-8D25FF18D25A}.Release|Any CPU.Build.0 = Release|Any CPU
		{F91D7431-F0DA-4453-9467-F72ACEA240F7}.Debug|Any CPU.ActiveCfg = Debug|Any CPU
		{F91D7431-F0DA-4453-9467-F72ACEA240F7}.Debug|Any CPU.Build.0 = Debug|Any CPU
		{F91D7431-F0DA-4453-9467-F72ACEA240F7}.Release|Any CPU.ActiveCfg = Release|Any CPU
		{F91D7431-F0DA-4453-9467-F72ACEA240F7}.Release|Any CPU.Build.0 = Release|Any CPU
		{9F905C6D-2B94-40D2-AD8C-76555C64A5B4}.Debug|Any CPU.ActiveCfg = Debug|Any CPU
		{9F905C6D-2B94-40D2-AD8C-76555C64A5B4}.Debug|Any CPU.Build.0 = Debug|Any CPU
		{9F905C6D-2B94-40D2-AD8C-76555C64A5B4}.Release|Any CPU.ActiveCfg = Release|Any CPU
		{9F905C6D-2B94-40D2-AD8C-76555C64A5B4}.Release|Any CPU.Build.0 = Release|Any CPU
		{472EDEFC-E9C3-4702-8846-A67069621F4F}.Debug|Any CPU.ActiveCfg = Debug|Any CPU
		{472EDEFC-E9C3-4702-8846-A67069621F4F}.Debug|Any CPU.Build.0 = Debug|Any CPU
		{472EDEFC-E9C3-4702-8846-A67069621F4F}.Release|Any CPU.ActiveCfg = Release|Any CPU
		{472EDEFC-E9C3-4702-8846-A67069621F4F}.Release|Any CPU.Build.0 = Release|Any CPU
		{EE2C27C3-B2DC-42C8-8D6D-14E92E8A1FD7}.Debug|Any CPU.ActiveCfg = Debug|Any CPU
		{EE2C27C3-B2DC-42C8-8D6D-14E92E8A1FD7}.Debug|Any CPU.Build.0 = Debug|Any CPU
		{EE2C27C3-B2DC-42C8-8D6D-14E92E8A1FD7}.Release|Any CPU.ActiveCfg = Release|Any CPU
		{EE2C27C3-B2DC-42C8-8D6D-14E92E8A1FD7}.Release|Any CPU.Build.0 = Release|Any CPU
		{ADD30712-9818-4630-B19D-D62BED37818B}.Debug|Any CPU.ActiveCfg = Debug|Any CPU
		{ADD30712-9818-4630-B19D-D62BED37818B}.Debug|Any CPU.Build.0 = Debug|Any CPU
		{ADD30712-9818-4630-B19D-D62BED37818B}.Release|Any CPU.ActiveCfg = Release|Any CPU
		{ADD30712-9818-4630-B19D-D62BED37818B}.Release|Any CPU.Build.0 = Release|Any CPU
		{350B096E-FC22-4D40-A6B1-7BDC46A70E70}.Debug|Any CPU.ActiveCfg = Debug|Any CPU
		{350B096E-FC22-4D40-A6B1-7BDC46A70E70}.Debug|Any CPU.Build.0 = Debug|Any CPU
		{350B096E-FC22-4D40-A6B1-7BDC46A70E70}.Release|Any CPU.ActiveCfg = Release|Any CPU
		{350B096E-FC22-4D40-A6B1-7BDC46A70E70}.Release|Any CPU.Build.0 = Release|Any CPU
		{C6CC0958-3BB2-462F-9FB8-0F0B49345EBE}.Debug|Any CPU.ActiveCfg = Debug|Any CPU
		{C6CC0958-3BB2-462F-9FB8-0F0B49345EBE}.Debug|Any CPU.Build.0 = Debug|Any CPU
		{C6CC0958-3BB2-462F-9FB8-0F0B49345EBE}.Release|Any CPU.ActiveCfg = Release|Any CPU
		{C6CC0958-3BB2-462F-9FB8-0F0B49345EBE}.Release|Any CPU.Build.0 = Release|Any CPU
		{2A19585B-0089-4A52-B02C-FCFABB5D0AA3}.Debug|Any CPU.ActiveCfg = Debug|Any CPU
		{2A19585B-0089-4A52-B02C-FCFABB5D0AA3}.Debug|Any CPU.Build.0 = Debug|Any CPU
		{2A19585B-0089-4A52-B02C-FCFABB5D0AA3}.Release|Any CPU.ActiveCfg = Release|Any CPU
		{2A19585B-0089-4A52-B02C-FCFABB5D0AA3}.Release|Any CPU.Build.0 = Release|Any CPU
		{EF9C263B-617F-4B84-ADCB-507A388BB3EC}.Debug|Any CPU.ActiveCfg = Debug|Any CPU
		{EF9C263B-617F-4B84-ADCB-507A388BB3EC}.Debug|Any CPU.Build.0 = Debug|Any CPU
		{EF9C263B-617F-4B84-ADCB-507A388BB3EC}.Release|Any CPU.ActiveCfg = Release|Any CPU
		{EF9C263B-617F-4B84-ADCB-507A388BB3EC}.Release|Any CPU.Build.0 = Release|Any CPU
		{E5D763A3-81F1-4B74-88FF-66F381378D47}.Debug|Any CPU.ActiveCfg = Debug|Any CPU
		{E5D763A3-81F1-4B74-88FF-66F381378D47}.Debug|Any CPU.Build.0 = Debug|Any CPU
		{E5D763A3-81F1-4B74-88FF-66F381378D47}.Release|Any CPU.ActiveCfg = Release|Any CPU
		{E5D763A3-81F1-4B74-88FF-66F381378D47}.Release|Any CPU.Build.0 = Release|Any CPU
		{B4DA159D-CB20-4AE4-9A12-B8533066E450}.Debug|Any CPU.ActiveCfg = Debug|Any CPU
		{B4DA159D-CB20-4AE4-9A12-B8533066E450}.Debug|Any CPU.Build.0 = Debug|Any CPU
		{B4DA159D-CB20-4AE4-9A12-B8533066E450}.Release|Any CPU.ActiveCfg = Release|Any CPU
		{B4DA159D-CB20-4AE4-9A12-B8533066E450}.Release|Any CPU.Build.0 = Release|Any CPU
		{581EC742-A00D-4777-8B14-250C5172ADB0}.Debug|Any CPU.ActiveCfg = Debug|Any CPU
		{581EC742-A00D-4777-8B14-250C5172ADB0}.Debug|Any CPU.Build.0 = Debug|Any CPU
		{581EC742-A00D-4777-8B14-250C5172ADB0}.Release|Any CPU.ActiveCfg = Release|Any CPU
		{581EC742-A00D-4777-8B14-250C5172ADB0}.Release|Any CPU.Build.0 = Release|Any CPU
		{FF0241A2-822C-4FD9-80CD-4EE3DB518950}.Debug|Any CPU.ActiveCfg = Debug|Any CPU
		{FF0241A2-822C-4FD9-80CD-4EE3DB518950}.Debug|Any CPU.Build.0 = Debug|Any CPU
		{FF0241A2-822C-4FD9-80CD-4EE3DB518950}.Release|Any CPU.ActiveCfg = Release|Any CPU
		{FF0241A2-822C-4FD9-80CD-4EE3DB518950}.Release|Any CPU.Build.0 = Release|Any CPU
		{C2DD6138-12C2-4D65-AB57-BBE706DB9A7D}.Debug|Any CPU.ActiveCfg = Debug|Any CPU
		{C2DD6138-12C2-4D65-AB57-BBE706DB9A7D}.Debug|Any CPU.Build.0 = Debug|Any CPU
		{C2DD6138-12C2-4D65-AB57-BBE706DB9A7D}.Release|Any CPU.ActiveCfg = Release|Any CPU
		{C2DD6138-12C2-4D65-AB57-BBE706DB9A7D}.Release|Any CPU.Build.0 = Release|Any CPU
		{76BE5256-34D8-43D4-B475-29AD74A31A13}.Debug|Any CPU.ActiveCfg = Debug|Any CPU
		{76BE5256-34D8-43D4-B475-29AD74A31A13}.Debug|Any CPU.Build.0 = Debug|Any CPU
		{76BE5256-34D8-43D4-B475-29AD74A31A13}.Release|Any CPU.ActiveCfg = Release|Any CPU
		{76BE5256-34D8-43D4-B475-29AD74A31A13}.Release|Any CPU.Build.0 = Release|Any CPU
		{C36A5FBD-4FE3-47EC-827E-4DB6D7B8B796}.Debug|Any CPU.ActiveCfg = Debug|Any CPU
		{C36A5FBD-4FE3-47EC-827E-4DB6D7B8B796}.Debug|Any CPU.Build.0 = Debug|Any CPU
		{C36A5FBD-4FE3-47EC-827E-4DB6D7B8B796}.Release|Any CPU.ActiveCfg = Release|Any CPU
		{C36A5FBD-4FE3-47EC-827E-4DB6D7B8B796}.Release|Any CPU.Build.0 = Release|Any CPU
	EndGlobalSection
EndGlobal
